version: 1.0
shards:
  crecto:
    github: fridgerator/crecto
    version: 0.5.2

  db:
    github: crystal-lang/crystal-db
    version: 0.4.1

  kemal:
    github: kemalcr/kemal
    version: 0.18.3

  kilt:
    github: jeromegn/kilt
    version: 0.3.3

  micrate:
    github: juanedi/micrate
    version: 0.3.0

  pg:
    github: will/crystal-pg
    version: 0.13.3

  radix:
    github: luislavena/radix
    version: 0.3.8

  spec-kemal:
    github: kemalcr/spec-kemal
    version: 0.4.0

