version: 1.0
shards:
  crecto:
    github: fridgerator/crecto
    version: 0.5.0

  db:
    github: crystal-lang/crystal-db
    version: 0.4.0

  jwt:
    github: akwiatkowski/crystal-jwt
    commit: f0bf2608dc6a38362c686cb47b2f52a67672c495

  kemal:
    github: kemalcr/kemal
    commit: 0b4856b7417592743a27fc3e30867fd141395bf6

  kemal-auth-token:
    github: akwiatkowski/kemal-auth-token
    commit: 4ce8d1c23ac90f7feea3cdda9ba2483d2cf029a3

  kilt:
    github: jeromegn/kilt
    version: 0.3.3

  micrate:
    github: juanedi/micrate
    version: 0.3.0

  pg:
    github: will/crystal-pg
    version: 0.13.3

  radix:
    github: luislavena/radix
    version: 0.3.8

  spec-kemal:
    github: kemalcr/spec-kemal
    commit: 05cc810f5f5ed890f16bcb06461000b97c625959

