version: 1.0
shards:
  kemal:
    github: kemalcr/kemal
    commit: 48128696c6130e76fcf29529f630a0d7c3cd813b

  kilt:
    github: jeromegn/kilt
    version: 0.3.3

  radix:
    github: luislavena/radix
    version: 0.3.8

  spec-kemal:
    github: kemalcr/spec-kemal
    commit: 05cc810f5f5ed890f16bcb06461000b97c625959

